// !$*UTF8*$!
{
	archiveVersion = 1;
	classes = {
	};
	objectVersion = 55;
	objects = {

/* Begin PBXBuildFile section */
		FA10BC1929F1A1A2009103E5 /* words5000.json in Resources */ = {isa = PBXBuildFile; fileRef = FA10BC1729F1A084009103E5 /* words5000.json */; };
		FA187DDA29E46AB200D024E7 /* IncorrectAnswerViewController.swift in Sources */ = {isa = PBXBuildFile; fileRef = FA187DD929E46AB200D024E7 /* IncorrectAnswerViewController.swift */; };
		FA187DDC29E46B4A00D024E7 /* IncorrectView.swift in Sources */ = {isa = PBXBuildFile; fileRef = FA187DDB29E46B4A00D024E7 /* IncorrectView.swift */; };
		FA187DDF29E58A9800D024E7 /* LearnedViewController.swift in Sources */ = {isa = PBXBuildFile; fileRef = FA187DDE29E58A9800D024E7 /* LearnedViewController.swift */; };
		FA187DE129E58ADD00D024E7 /* NotLearnedViewController.swift in Sources */ = {isa = PBXBuildFile; fileRef = FA187DE029E58ADD00D024E7 /* NotLearnedViewController.swift */; };
		FA187DE529E5980200D024E7 /* LearnedCell.swift in Sources */ = {isa = PBXBuildFile; fileRef = FA187DE429E5980200D024E7 /* LearnedCell.swift */; };
		FA187DE729E5984300D024E7 /* NotLearnedCell.swift in Sources */ = {isa = PBXBuildFile; fileRef = FA187DE629E5984300D024E7 /* NotLearnedCell.swift */; };
		FA5E2DD429DAED0A0061817A /* ProgressView.swift in Sources */ = {isa = PBXBuildFile; fileRef = FA5E2DD329DAED0A0061817A /* ProgressView.swift */; };
		FA5E2DD729DAF29B0061817A /* CorrectAnswerWiewController.swift in Sources */ = {isa = PBXBuildFile; fileRef = FA5E2DD629DAF29B0061817A /* CorrectAnswerWiewController.swift */; };
		FA5E2DD929DAF49B0061817A /* CorrectView.swift in Sources */ = {isa = PBXBuildFile; fileRef = FA5E2DD829DAF49B0061817A /* CorrectView.swift */; };
		FA7775E929E96236000D9B20 /* Word.swift in Sources */ = {isa = PBXBuildFile; fileRef = FA7775E829E96236000D9B20 /* Word.swift */; };
		FA789A0329E889990020C86E /* StackView.swift in Sources */ = {isa = PBXBuildFile; fileRef = FA789A0229E889990020C86E /* StackView.swift */; };
		FA78B0DA29F023B30089BBB0 /* NetworkService.swift in Sources */ = {isa = PBXBuildFile; fileRef = FA78B0D929F023B30089BBB0 /* NetworkService.swift */; };
		FA78B0DE29F053750089BBB0 /* JsonLoader.swift in Sources */ = {isa = PBXBuildFile; fileRef = FA78B0DD29F053750089BBB0 /* JsonLoader.swift */; };
		FA84157C29D7175F00F5FC39 /* AppDelegate.swift in Sources */ = {isa = PBXBuildFile; fileRef = FA84157B29D7175F00F5FC39 /* AppDelegate.swift */; };
		FA84157E29D7175F00F5FC39 /* SceneDelegate.swift in Sources */ = {isa = PBXBuildFile; fileRef = FA84157D29D7175F00F5FC39 /* SceneDelegate.swift */; };
		FA84158329D7175F00F5FC39 /* Main.storyboard in Resources */ = {isa = PBXBuildFile; fileRef = FA84158129D7175F00F5FC39 /* Main.storyboard */; };
		FA84158529D7176200F5FC39 /* Assets.xcassets in Resources */ = {isa = PBXBuildFile; fileRef = FA84158429D7176200F5FC39 /* Assets.xcassets */; };
		FA84158829D7176200F5FC39 /* LaunchScreen.storyboard in Resources */ = {isa = PBXBuildFile; fileRef = FA84158629D7176200F5FC39 /* LaunchScreen.storyboard */; };
		FA84159429D718A600F5FC39 /* WordsViewController.swift in Sources */ = {isa = PBXBuildFile; fileRef = FA84159329D718A600F5FC39 /* WordsViewController.swift */; };
		FA84159629D718E200F5FC39 /* WordsCell.swift in Sources */ = {isa = PBXBuildFile; fileRef = FA84159529D718E200F5FC39 /* WordsCell.swift */; };
		FA84159929D7197100F5FC39 /* WordsSettings.swift in Sources */ = {isa = PBXBuildFile; fileRef = FA84159829D7197100F5FC39 /* WordsSettings.swift */; };
		FA84159E29D71B1C00F5FC39 /* ChallengeViewController.swift in Sources */ = {isa = PBXBuildFile; fileRef = FA84159D29D71B1C00F5FC39 /* ChallengeViewController.swift */; };
		FA8415A029D71B3B00F5FC39 /* ChallengeView.swift in Sources */ = {isa = PBXBuildFile; fileRef = FA84159F29D71B3B00F5FC39 /* ChallengeView.swift */; };
		FA8415A229D71B7E00F5FC39 /* Button.swift in Sources */ = {isa = PBXBuildFile; fileRef = FA8415A129D71B7E00F5FC39 /* Button.swift */; };
		FA8415A429D71BAC00F5FC39 /* Labels.swift in Sources */ = {isa = PBXBuildFile; fileRef = FA8415A329D71BAC00F5FC39 /* Labels.swift */; };
		FA8A163929DC565F00AEE462 /* SnapKit in Frameworks */ = {isa = PBXBuildFile; productRef = FA8A163829DC565F00AEE462 /* SnapKit */; };
		FA8A164029DC963100AEE462 /* EmptyViews.swift in Sources */ = {isa = PBXBuildFile; fileRef = FA8A163F29DC963100AEE462 /* EmptyViews.swift */; };
		FAA207E829EED360006F3F7A /* WordImage.swift in Sources */ = {isa = PBXBuildFile; fileRef = FAA207E729EED360006F3F7A /* WordImage.swift */; };
		FAD4C00F29F2BAD200B33A59 /* WordsService.swift in Sources */ = {isa = PBXBuildFile; fileRef = FAD4C00E29F2BAD200B33A59 /* WordsService.swift */; };
		FAF3A13F29DEC40A007DE770 /* TabBarController.swift in Sources */ = {isa = PBXBuildFile; fileRef = FAF3A13E29DEC40A007DE770 /* TabBarController.swift */; };
/* End PBXBuildFile section */

/* Begin PBXCopyFilesBuildPhase section */
		FA8A163E29DC571C00AEE462 /* Embed Frameworks */ = {
			isa = PBXCopyFilesBuildPhase;
			buildActionMask = 2147483647;
			dstPath = "";
			dstSubfolderSpec = 10;
			files = (
			);
			name = "Embed Frameworks";
			runOnlyForDeploymentPostprocessing = 0;
		};
/* End PBXCopyFilesBuildPhase section */

/* Begin PBXFileReference section */
		FA10BC1729F1A084009103E5 /* words5000.json */ = {isa = PBXFileReference; fileEncoding = 4; lastKnownFileType = text.json; path = words5000.json; sourceTree = "<group>"; };
		FA187DD929E46AB200D024E7 /* IncorrectAnswerViewController.swift */ = {isa = PBXFileReference; lastKnownFileType = sourcecode.swift; path = IncorrectAnswerViewController.swift; sourceTree = "<group>"; };
		FA187DDB29E46B4A00D024E7 /* IncorrectView.swift */ = {isa = PBXFileReference; lastKnownFileType = sourcecode.swift; path = IncorrectView.swift; sourceTree = "<group>"; };
		FA187DDE29E58A9800D024E7 /* LearnedViewController.swift */ = {isa = PBXFileReference; lastKnownFileType = sourcecode.swift; path = LearnedViewController.swift; sourceTree = "<group>"; };
		FA187DE029E58ADD00D024E7 /* NotLearnedViewController.swift */ = {isa = PBXFileReference; lastKnownFileType = sourcecode.swift; path = NotLearnedViewController.swift; sourceTree = "<group>"; };
		FA187DE429E5980200D024E7 /* LearnedCell.swift */ = {isa = PBXFileReference; lastKnownFileType = sourcecode.swift; path = LearnedCell.swift; sourceTree = "<group>"; };
		FA187DE629E5984300D024E7 /* NotLearnedCell.swift */ = {isa = PBXFileReference; lastKnownFileType = sourcecode.swift; path = NotLearnedCell.swift; sourceTree = "<group>"; };
		FA5E2DD329DAED0A0061817A /* ProgressView.swift */ = {isa = PBXFileReference; lastKnownFileType = sourcecode.swift; path = ProgressView.swift; sourceTree = "<group>"; };
		FA5E2DD629DAF29B0061817A /* CorrectAnswerWiewController.swift */ = {isa = PBXFileReference; lastKnownFileType = sourcecode.swift; path = CorrectAnswerWiewController.swift; sourceTree = "<group>"; };
		FA5E2DD829DAF49B0061817A /* CorrectView.swift */ = {isa = PBXFileReference; lastKnownFileType = sourcecode.swift; path = CorrectView.swift; sourceTree = "<group>"; };
		FA7775E829E96236000D9B20 /* Word.swift */ = {isa = PBXFileReference; lastKnownFileType = sourcecode.swift; path = Word.swift; sourceTree = "<group>"; };
		FA789A0229E889990020C86E /* StackView.swift */ = {isa = PBXFileReference; lastKnownFileType = sourcecode.swift; path = StackView.swift; sourceTree = "<group>"; };
		FA78B0D929F023B30089BBB0 /* NetworkService.swift */ = {isa = PBXFileReference; lastKnownFileType = sourcecode.swift; path = NetworkService.swift; sourceTree = "<group>"; };
		FA78B0DD29F053750089BBB0 /* JsonLoader.swift */ = {isa = PBXFileReference; lastKnownFileType = sourcecode.swift; path = JsonLoader.swift; sourceTree = "<group>"; };
		FA84157829D7175F00F5FC39 /* Learning5000Words.app */ = {isa = PBXFileReference; explicitFileType = wrapper.application; includeInIndex = 0; path = Learning5000Words.app; sourceTree = BUILT_PRODUCTS_DIR; };
		FA84157B29D7175F00F5FC39 /* AppDelegate.swift */ = {isa = PBXFileReference; lastKnownFileType = sourcecode.swift; path = AppDelegate.swift; sourceTree = "<group>"; };
		FA84157D29D7175F00F5FC39 /* SceneDelegate.swift */ = {isa = PBXFileReference; lastKnownFileType = sourcecode.swift; path = SceneDelegate.swift; sourceTree = "<group>"; };
		FA84158229D7175F00F5FC39 /* Base */ = {isa = PBXFileReference; lastKnownFileType = file.storyboard; name = Base; path = Base.lproj/Main.storyboard; sourceTree = "<group>"; };
		FA84158429D7176200F5FC39 /* Assets.xcassets */ = {isa = PBXFileReference; lastKnownFileType = folder.assetcatalog; path = Assets.xcassets; sourceTree = "<group>"; };
		FA84158729D7176200F5FC39 /* Base */ = {isa = PBXFileReference; lastKnownFileType = file.storyboard; name = Base; path = Base.lproj/LaunchScreen.storyboard; sourceTree = "<group>"; };
		FA84158929D7176200F5FC39 /* Info.plist */ = {isa = PBXFileReference; lastKnownFileType = text.plist.xml; path = Info.plist; sourceTree = "<group>"; };
		FA84159329D718A600F5FC39 /* WordsViewController.swift */ = {isa = PBXFileReference; lastKnownFileType = sourcecode.swift; path = WordsViewController.swift; sourceTree = "<group>"; };
		FA84159529D718E200F5FC39 /* WordsCell.swift */ = {isa = PBXFileReference; lastKnownFileType = sourcecode.swift; path = WordsCell.swift; sourceTree = "<group>"; };
		FA84159829D7197100F5FC39 /* WordsSettings.swift */ = {isa = PBXFileReference; lastKnownFileType = sourcecode.swift; path = WordsSettings.swift; sourceTree = "<group>"; };
		FA84159D29D71B1C00F5FC39 /* ChallengeViewController.swift */ = {isa = PBXFileReference; lastKnownFileType = sourcecode.swift; path = ChallengeViewController.swift; sourceTree = "<group>"; };
		FA84159F29D71B3B00F5FC39 /* ChallengeView.swift */ = {isa = PBXFileReference; lastKnownFileType = sourcecode.swift; path = ChallengeView.swift; sourceTree = "<group>"; };
		FA8415A129D71B7E00F5FC39 /* Button.swift */ = {isa = PBXFileReference; lastKnownFileType = sourcecode.swift; path = Button.swift; sourceTree = "<group>"; };
		FA8415A329D71BAC00F5FC39 /* Labels.swift */ = {isa = PBXFileReference; lastKnownFileType = sourcecode.swift; path = Labels.swift; sourceTree = "<group>"; };
		FA8A163F29DC963100AEE462 /* EmptyViews.swift */ = {isa = PBXFileReference; lastKnownFileType = sourcecode.swift; path = EmptyViews.swift; sourceTree = "<group>"; };
		FAA207E729EED360006F3F7A /* WordImage.swift */ = {isa = PBXFileReference; lastKnownFileType = sourcecode.swift; path = WordImage.swift; sourceTree = "<group>"; };
		FAD4C00E29F2BAD200B33A59 /* WordsService.swift */ = {isa = PBXFileReference; lastKnownFileType = sourcecode.swift; path = WordsService.swift; sourceTree = "<group>"; };
		FAF3A13E29DEC40A007DE770 /* TabBarController.swift */ = {isa = PBXFileReference; lastKnownFileType = sourcecode.swift; path = TabBarController.swift; sourceTree = "<group>"; };
/* End PBXFileReference section */

/* Begin PBXFrameworksBuildPhase section */
		FA84157529D7175F00F5FC39 /* Frameworks */ = {
			isa = PBXFrameworksBuildPhase;
			buildActionMask = 2147483647;
			files = (
				FA8A163929DC565F00AEE462 /* SnapKit in Frameworks */,
			);
			runOnlyForDeploymentPostprocessing = 0;
		};
/* End PBXFrameworksBuildPhase section */

/* Begin PBXGroup section */
		FA187DDD29E5884100D024E7 /* WordList */ = {
			isa = PBXGroup;
			children = (
				FA187DDE29E58A9800D024E7 /* LearnedViewController.swift */,
				FA187DE029E58ADD00D024E7 /* NotLearnedViewController.swift */,
			);
			name = WordList;
			sourceTree = "<group>";
		};
		FA5E2DD529DAF2270061817A /* Answers */ = {
			isa = PBXGroup;
			children = (
				FA5E2DD629DAF29B0061817A /* CorrectAnswerWiewController.swift */,
				FA5E2DD829DAF49B0061817A /* CorrectView.swift */,
				FA187DD929E46AB200D024E7 /* IncorrectAnswerViewController.swift */,
				FA187DDB29E46B4A00D024E7 /* IncorrectView.swift */,
			);
			path = Answers;
			sourceTree = "<group>";
		};
		FA7775E729E96219000D9B20 /* Models */ = {
			isa = PBXGroup;
			children = (
				FA7775E829E96236000D9B20 /* Word.swift */,
			);
			path = Models;
			sourceTree = "<group>";
		};
		FA78B0D829F020710089BBB0 /* NetworkService */ = {
			isa = PBXGroup;
			children = (
				FA78B0D929F023B30089BBB0 /* NetworkService.swift */,
				FA78B0DD29F053750089BBB0 /* JsonLoader.swift */,
			);
			path = NetworkService;
			sourceTree = "<group>";
		};
		FA84156F29D7175F00F5FC39 = {
			isa = PBXGroup;
			children = (
				FA84157A29D7175F00F5FC39 /* Learning5000Words */,
				FA84157929D7175F00F5FC39 /* Products */,
			);
			sourceTree = "<group>";
		};
		FA84157929D7175F00F5FC39 /* Products */ = {
			isa = PBXGroup;
			children = (
				FA84157829D7175F00F5FC39 /* Learning5000Words.app */,
			);
			name = Products;
			sourceTree = "<group>";
		};
		FA84157A29D7175F00F5FC39 /* Learning5000Words */ = {
			isa = PBXGroup;
			children = (
				FA8415A529D71BD400F5FC39 /* App */,
				FA7775E729E96219000D9B20 /* Models */,
				FAF3A13D29DEC1BE007DE770 /* Components */,
				FA84159729D7193F00F5FC39 /* Service */,
				FA8415A629D71C1600F5FC39 /* Resources */,
				FA84158929D7176200F5FC39 /* Info.plist */,
			);
			path = Learning5000Words;
			sourceTree = "<group>";
		};
		FA84158F29D7182E00F5FC39 /* Screens */ = {
			isa = PBXGroup;
			children = (
				FA84159029D7183D00F5FC39 /* Words */,
				FA84159129D7185600F5FC39 /* Cells */,
				FA84159229D7186000F5FC39 /* Challenge */,
				FA5E2DD529DAF2270061817A /* Answers */,
				FA187DDD29E5884100D024E7 /* WordList */,
			);
			path = Screens;
			sourceTree = "<group>";
		};
		FA84159029D7183D00F5FC39 /* Words */ = {
			isa = PBXGroup;
			children = (
				FA84159329D718A600F5FC39 /* WordsViewController.swift */,
			);
			path = Words;
			sourceTree = "<group>";
		};
		FA84159129D7185600F5FC39 /* Cells */ = {
			isa = PBXGroup;
			children = (
				FA84159529D718E200F5FC39 /* WordsCell.swift */,
				FA187DE429E5980200D024E7 /* LearnedCell.swift */,
				FA187DE629E5984300D024E7 /* NotLearnedCell.swift */,
			);
			path = Cells;
			sourceTree = "<group>";
		};
		FA84159229D7186000F5FC39 /* Challenge */ = {
			isa = PBXGroup;
			children = (
				FA84159D29D71B1C00F5FC39 /* ChallengeViewController.swift */,
				FA84159F29D71B3B00F5FC39 /* ChallengeView.swift */,
			);
			path = Challenge;
			sourceTree = "<group>";
		};
		FA84159729D7193F00F5FC39 /* Service */ = {
			isa = PBXGroup;
			children = (
				FA84159829D7197100F5FC39 /* WordsSettings.swift */,
				FAD4C00E29F2BAD200B33A59 /* WordsService.swift */,
				FA78B0D829F020710089BBB0 /* NetworkService */,
			);
			path = Service;
			sourceTree = "<group>";
		};
		FA8415A529D71BD400F5FC39 /* App */ = {
			isa = PBXGroup;
			children = (
				FA84157B29D7175F00F5FC39 /* AppDelegate.swift */,
				FA84157D29D7175F00F5FC39 /* SceneDelegate.swift */,
				FAF3A13E29DEC40A007DE770 /* TabBarController.swift */,
				FA84158F29D7182E00F5FC39 /* Screens */,
			);
			path = App;
			sourceTree = "<group>";
		};
		FA8415A629D71C1600F5FC39 /* Resources */ = {
			isa = PBXGroup;
			children = (
				FA10BC1729F1A084009103E5 /* words5000.json */,
				FA84158129D7175F00F5FC39 /* Main.storyboard */,
				FA84158429D7176200F5FC39 /* Assets.xcassets */,
				FA84158629D7176200F5FC39 /* LaunchScreen.storyboard */,
			);
			path = Resources;
			sourceTree = "<group>";
		};
		FAF3A13D29DEC1BE007DE770 /* Components */ = {
			isa = PBXGroup;
			children = (
				FA8415A129D71B7E00F5FC39 /* Button.swift */,
				FA8415A329D71BAC00F5FC39 /* Labels.swift */,
				FA5E2DD329DAED0A0061817A /* ProgressView.swift */,
				FA8A163F29DC963100AEE462 /* EmptyViews.swift */,
				FA789A0229E889990020C86E /* StackView.swift */,
				FAA207E729EED360006F3F7A /* WordImage.swift */,
			);
			path = Components;
			sourceTree = "<group>";
		};
/* End PBXGroup section */

/* Begin PBXNativeTarget section */
		FA84157729D7175F00F5FC39 /* Learning5000Words */ = {
			isa = PBXNativeTarget;
			buildConfigurationList = FA84158C29D7176200F5FC39 /* Build configuration list for PBXNativeTarget "Learning5000Words" */;
			buildPhases = (
				FA84157429D7175F00F5FC39 /* Sources */,
				FA84157529D7175F00F5FC39 /* Frameworks */,
				FA84157629D7175F00F5FC39 /* Resources */,
				FA8A163E29DC571C00AEE462 /* Embed Frameworks */,
			);
			buildRules = (
			);
			dependencies = (
			);
			name = Learning5000Words;
			packageProductDependencies = (
				FA8A163829DC565F00AEE462 /* SnapKit */,
			);
			productName = Learning5000Words;
			productReference = FA84157829D7175F00F5FC39 /* Learning5000Words.app */;
			productType = "com.apple.product-type.application";
		};
/* End PBXNativeTarget section */

/* Begin PBXProject section */
		FA84157029D7175F00F5FC39 /* Project object */ = {
			isa = PBXProject;
			attributes = {
				BuildIndependentTargetsInParallel = 1;
				LastSwiftUpdateCheck = 1320;
				LastUpgradeCheck = 1320;
				TargetAttributes = {
					FA84157729D7175F00F5FC39 = {
						CreatedOnToolsVersion = 13.2.1;
					};
				};
			};
			buildConfigurationList = FA84157329D7175F00F5FC39 /* Build configuration list for PBXProject "Learning5000Words" */;
			compatibilityVersion = "Xcode 13.0";
			developmentRegion = en;
			hasScannedForEncodings = 0;
			knownRegions = (
				en,
				Base,
			);
			mainGroup = FA84156F29D7175F00F5FC39;
			packageReferences = (
				FA8A163729DC565F00AEE462 /* XCRemoteSwiftPackageReference "SnapKit" */,
			);
			productRefGroup = FA84157929D7175F00F5FC39 /* Products */;
			projectDirPath = "";
			projectRoot = "";
			targets = (
				FA84157729D7175F00F5FC39 /* Learning5000Words */,
			);
		};
/* End PBXProject section */

/* Begin PBXResourcesBuildPhase section */
		FA84157629D7175F00F5FC39 /* Resources */ = {
			isa = PBXResourcesBuildPhase;
			buildActionMask = 2147483647;
			files = (
				FA84158829D7176200F5FC39 /* LaunchScreen.storyboard in Resources */,
				FA84158529D7176200F5FC39 /* Assets.xcassets in Resources */,
				FA10BC1929F1A1A2009103E5 /* words5000.json in Resources */,
				FA84158329D7175F00F5FC39 /* Main.storyboard in Resources */,
			);
			runOnlyForDeploymentPostprocessing = 0;
		};
/* End PBXResourcesBuildPhase section */

/* Begin PBXSourcesBuildPhase section */
		FA84157429D7175F00F5FC39 /* Sources */ = {
			isa = PBXSourcesBuildPhase;
			buildActionMask = 2147483647;
			files = (
				FA187DE129E58ADD00D024E7 /* NotLearnedViewController.swift in Sources */,
				FA84159929D7197100F5FC39 /* WordsSettings.swift in Sources */,
				FA84157C29D7175F00F5FC39 /* AppDelegate.swift in Sources */,
				FA187DDC29E46B4A00D024E7 /* IncorrectView.swift in Sources */,
				FA187DE529E5980200D024E7 /* LearnedCell.swift in Sources */,
				FA8A164029DC963100AEE462 /* EmptyViews.swift in Sources */,
				FA84159629D718E200F5FC39 /* WordsCell.swift in Sources */,
				FA8415A029D71B3B00F5FC39 /* ChallengeView.swift in Sources */,
				FA789A0329E889990020C86E /* StackView.swift in Sources */,
				FA84159E29D71B1C00F5FC39 /* ChallengeViewController.swift in Sources */,
				FA78B0DA29F023B30089BBB0 /* NetworkService.swift in Sources */,
				FA5E2DD929DAF49B0061817A /* CorrectView.swift in Sources */,
				FA7775E929E96236000D9B20 /* Word.swift in Sources */,
				FA8415A429D71BAC00F5FC39 /* Labels.swift in Sources */,
				FA84159429D718A600F5FC39 /* WordsViewController.swift in Sources */,
				FA5E2DD729DAF29B0061817A /* CorrectAnswerWiewController.swift in Sources */,
				FA8415A229D71B7E00F5FC39 /* Button.swift in Sources */,
				FAD4C00F29F2BAD200B33A59 /* WordsService.swift in Sources */,
				FAF3A13F29DEC40A007DE770 /* TabBarController.swift in Sources */,
				FA84157E29D7175F00F5FC39 /* SceneDelegate.swift in Sources */,
				FAA207E829EED360006F3F7A /* WordImage.swift in Sources */,
				FA187DDF29E58A9800D024E7 /* LearnedViewController.swift in Sources */,
				FA187DDA29E46AB200D024E7 /* IncorrectAnswerViewController.swift in Sources */,
				FA5E2DD429DAED0A0061817A /* ProgressView.swift in Sources */,
				FA187DE729E5984300D024E7 /* NotLearnedCell.swift in Sources */,
				FA78B0DE29F053750089BBB0 /* JsonLoader.swift in Sources */,
			);
			runOnlyForDeploymentPostprocessing = 0;
		};
/* End PBXSourcesBuildPhase section */

/* Begin PBXVariantGroup section */
		FA84158129D7175F00F5FC39 /* Main.storyboard */ = {
			isa = PBXVariantGroup;
			children = (
				FA84158229D7175F00F5FC39 /* Base */,
			);
			name = Main.storyboard;
			sourceTree = "<group>";
		};
		FA84158629D7176200F5FC39 /* LaunchScreen.storyboard */ = {
			isa = PBXVariantGroup;
			children = (
				FA84158729D7176200F5FC39 /* Base */,
			);
			name = LaunchScreen.storyboard;
			sourceTree = "<group>";
		};
/* End PBXVariantGroup section */

/* Begin XCBuildConfiguration section */
		FA84158A29D7176200F5FC39 /* Debug */ = {
			isa = XCBuildConfiguration;
			buildSettings = {
				ALWAYS_SEARCH_USER_PATHS = NO;
				CLANG_ANALYZER_NONNULL = YES;
				CLANG_ANALYZER_NUMBER_OBJECT_CONVERSION = YES_AGGRESSIVE;
				CLANG_CXX_LANGUAGE_STANDARD = "gnu++17";
				CLANG_CXX_LIBRARY = "libc++";
				CLANG_ENABLE_MODULES = YES;
				CLANG_ENABLE_OBJC_ARC = YES;
				CLANG_ENABLE_OBJC_WEAK = YES;
				CLANG_WARN_BLOCK_CAPTURE_AUTORELEASING = YES;
				CLANG_WARN_BOOL_CONVERSION = YES;
				CLANG_WARN_COMMA = YES;
				CLANG_WARN_CONSTANT_CONVERSION = YES;
				CLANG_WARN_DEPRECATED_OBJC_IMPLEMENTATIONS = YES;
				CLANG_WARN_DIRECT_OBJC_ISA_USAGE = YES_ERROR;
				CLANG_WARN_DOCUMENTATION_COMMENTS = YES;
				CLANG_WARN_EMPTY_BODY = YES;
				CLANG_WARN_ENUM_CONVERSION = YES;
				CLANG_WARN_INFINITE_RECURSION = YES;
				CLANG_WARN_INT_CONVERSION = YES;
				CLANG_WARN_NON_LITERAL_NULL_CONVERSION = YES;
				CLANG_WARN_OBJC_IMPLICIT_RETAIN_SELF = YES;
				CLANG_WARN_OBJC_LITERAL_CONVERSION = YES;
				CLANG_WARN_OBJC_ROOT_CLASS = YES_ERROR;
				CLANG_WARN_QUOTED_INCLUDE_IN_FRAMEWORK_HEADER = YES;
				CLANG_WARN_RANGE_LOOP_ANALYSIS = YES;
				CLANG_WARN_STRICT_PROTOTYPES = YES;
				CLANG_WARN_SUSPICIOUS_MOVE = YES;
				CLANG_WARN_UNGUARDED_AVAILABILITY = YES_AGGRESSIVE;
				CLANG_WARN_UNREACHABLE_CODE = YES;
				CLANG_WARN__DUPLICATE_METHOD_MATCH = YES;
				COPY_PHASE_STRIP = NO;
				DEBUG_INFORMATION_FORMAT = dwarf;
				ENABLE_STRICT_OBJC_MSGSEND = YES;
				ENABLE_TESTABILITY = YES;
				GCC_C_LANGUAGE_STANDARD = gnu11;
				GCC_DYNAMIC_NO_PIC = NO;
				GCC_NO_COMMON_BLOCKS = YES;
				GCC_OPTIMIZATION_LEVEL = 0;
				GCC_PREPROCESSOR_DEFINITIONS = (
					"DEBUG=1",
					"$(inherited)",
				);
				GCC_WARN_64_TO_32_BIT_CONVERSION = YES;
				GCC_WARN_ABOUT_RETURN_TYPE = YES_ERROR;
				GCC_WARN_UNDECLARED_SELECTOR = YES;
				GCC_WARN_UNINITIALIZED_AUTOS = YES_AGGRESSIVE;
				GCC_WARN_UNUSED_FUNCTION = YES;
				GCC_WARN_UNUSED_VARIABLE = YES;
				IPHONEOS_DEPLOYMENT_TARGET = 15.2;
				MTL_ENABLE_DEBUG_INFO = INCLUDE_SOURCE;
				MTL_FAST_MATH = YES;
				ONLY_ACTIVE_ARCH = YES;
				SDKROOT = iphoneos;
				SWIFT_ACTIVE_COMPILATION_CONDITIONS = DEBUG;
				SWIFT_OPTIMIZATION_LEVEL = "-Onone";
			};
			name = Debug;
		};
		FA84158B29D7176200F5FC39 /* Release */ = {
			isa = XCBuildConfiguration;
			buildSettings = {
				ALWAYS_SEARCH_USER_PATHS = NO;
				CLANG_ANALYZER_NONNULL = YES;
				CLANG_ANALYZER_NUMBER_OBJECT_CONVERSION = YES_AGGRESSIVE;
				CLANG_CXX_LANGUAGE_STANDARD = "gnu++17";
				CLANG_CXX_LIBRARY = "libc++";
				CLANG_ENABLE_MODULES = YES;
				CLANG_ENABLE_OBJC_ARC = YES;
				CLANG_ENABLE_OBJC_WEAK = YES;
				CLANG_WARN_BLOCK_CAPTURE_AUTORELEASING = YES;
				CLANG_WARN_BOOL_CONVERSION = YES;
				CLANG_WARN_COMMA = YES;
				CLANG_WARN_CONSTANT_CONVERSION = YES;
				CLANG_WARN_DEPRECATED_OBJC_IMPLEMENTATIONS = YES;
				CLANG_WARN_DIRECT_OBJC_ISA_USAGE = YES_ERROR;
				CLANG_WARN_DOCUMENTATION_COMMENTS = YES;
				CLANG_WARN_EMPTY_BODY = YES;
				CLANG_WARN_ENUM_CONVERSION = YES;
				CLANG_WARN_INFINITE_RECURSION = YES;
				CLANG_WARN_INT_CONVERSION = YES;
				CLANG_WARN_NON_LITERAL_NULL_CONVERSION = YES;
				CLANG_WARN_OBJC_IMPLICIT_RETAIN_SELF = YES;
				CLANG_WARN_OBJC_LITERAL_CONVERSION = YES;
				CLANG_WARN_OBJC_ROOT_CLASS = YES_ERROR;
				CLANG_WARN_QUOTED_INCLUDE_IN_FRAMEWORK_HEADER = YES;
				CLANG_WARN_RANGE_LOOP_ANALYSIS = YES;
				CLANG_WARN_STRICT_PROTOTYPES = YES;
				CLANG_WARN_SUSPICIOUS_MOVE = YES;
				CLANG_WARN_UNGUARDED_AVAILABILITY = YES_AGGRESSIVE;
				CLANG_WARN_UNREACHABLE_CODE = YES;
				CLANG_WARN__DUPLICATE_METHOD_MATCH = YES;
				COPY_PHASE_STRIP = NO;
				DEBUG_INFORMATION_FORMAT = "dwarf-with-dsym";
				ENABLE_NS_ASSERTIONS = NO;
				ENABLE_STRICT_OBJC_MSGSEND = YES;
				GCC_C_LANGUAGE_STANDARD = gnu11;
				GCC_NO_COMMON_BLOCKS = YES;
				GCC_WARN_64_TO_32_BIT_CONVERSION = YES;
				GCC_WARN_ABOUT_RETURN_TYPE = YES_ERROR;
				GCC_WARN_UNDECLARED_SELECTOR = YES;
				GCC_WARN_UNINITIALIZED_AUTOS = YES_AGGRESSIVE;
				GCC_WARN_UNUSED_FUNCTION = YES;
				GCC_WARN_UNUSED_VARIABLE = YES;
				IPHONEOS_DEPLOYMENT_TARGET = 15.2;
				MTL_ENABLE_DEBUG_INFO = NO;
				MTL_FAST_MATH = YES;
				SDKROOT = iphoneos;
				SWIFT_COMPILATION_MODE = wholemodule;
				SWIFT_OPTIMIZATION_LEVEL = "-O";
				VALIDATE_PRODUCT = YES;
			};
			name = Release;
		};
		FA84158D29D7176200F5FC39 /* Debug */ = {
			isa = XCBuildConfiguration;
			buildSettings = {
				ASSETCATALOG_COMPILER_APPICON_NAME = AppIcon;
				ASSETCATALOG_COMPILER_GLOBAL_ACCENT_COLOR_NAME = AccentColor;
				CODE_SIGN_STYLE = Automatic;
				CURRENT_PROJECT_VERSION = 1;
				DEVELOPMENT_TEAM = 4URKV6V579;
				GENERATE_INFOPLIST_FILE = YES;
				INFOPLIST_FILE = Learning5000Words/Info.plist;
				INFOPLIST_KEY_UIApplicationSupportsIndirectInputEvents = YES;
				INFOPLIST_KEY_UILaunchStoryboardName = LaunchScreen;
				INFOPLIST_KEY_UIMainStoryboardFile = Main;
				INFOPLIST_KEY_UISupportedInterfaceOrientations_iPad = "UIInterfaceOrientationPortrait UIInterfaceOrientationPortraitUpsideDown UIInterfaceOrientationLandscapeLeft UIInterfaceOrientationLandscapeRight";
				INFOPLIST_KEY_UISupportedInterfaceOrientations_iPhone = "UIInterfaceOrientationPortrait UIInterfaceOrientationLandscapeLeft UIInterfaceOrientationLandscapeRight";
				LD_RUNPATH_SEARCH_PATHS = (
					"$(inherited)",
					"@executable_path/Frameworks",
				);
				MARKETING_VERSION = 1.0;
				PRODUCT_BUNDLE_IDENTIFIER = LazarevPavel.Learning5000Words;
				PRODUCT_NAME = "$(TARGET_NAME)";
				SWIFT_EMIT_LOC_STRINGS = YES;
				SWIFT_VERSION = 5.0;
				TARGETED_DEVICE_FAMILY = "1,2";
			};
			name = Debug;
		};
		FA84158E29D7176200F5FC39 /* Release */ = {
			isa = XCBuildConfiguration;
			buildSettings = {
				ASSETCATALOG_COMPILER_APPICON_NAME = AppIcon;
				ASSETCATALOG_COMPILER_GLOBAL_ACCENT_COLOR_NAME = AccentColor;
				CODE_SIGN_STYLE = Automatic;
				CURRENT_PROJECT_VERSION = 1;
				DEVELOPMENT_TEAM = 4URKV6V579;
				GENERATE_INFOPLIST_FILE = YES;
				INFOPLIST_FILE = Learning5000Words/Info.plist;
				INFOPLIST_KEY_UIApplicationSupportsIndirectInputEvents = YES;
				INFOPLIST_KEY_UILaunchStoryboardName = LaunchScreen;
				INFOPLIST_KEY_UIMainStoryboardFile = Main;
				INFOPLIST_KEY_UISupportedInterfaceOrientations_iPad = "UIInterfaceOrientationPortrait UIInterfaceOrientationPortraitUpsideDown UIInterfaceOrientationLandscapeLeft UIInterfaceOrientationLandscapeRight";
				INFOPLIST_KEY_UISupportedInterfaceOrientations_iPhone = "UIInterfaceOrientationPortrait UIInterfaceOrientationLandscapeLeft UIInterfaceOrientationLandscapeRight";
				LD_RUNPATH_SEARCH_PATHS = (
					"$(inherited)",
					"@executable_path/Frameworks",
				);
				MARKETING_VERSION = 1.0;
				PRODUCT_BUNDLE_IDENTIFIER = LazarevPavel.Learning5000Words;
				PRODUCT_NAME = "$(TARGET_NAME)";
				SWIFT_EMIT_LOC_STRINGS = YES;
				SWIFT_VERSION = 5.0;
				TARGETED_DEVICE_FAMILY = "1,2";
			};
			name = Release;
		};
/* End XCBuildConfiguration section */

/* Begin XCConfigurationList section */
		FA84157329D7175F00F5FC39 /* Build configuration list for PBXProject "Learning5000Words" */ = {
			isa = XCConfigurationList;
			buildConfigurations = (
				FA84158A29D7176200F5FC39 /* Debug */,
				FA84158B29D7176200F5FC39 /* Release */,
			);
			defaultConfigurationIsVisible = 0;
			defaultConfigurationName = Release;
		};
		FA84158C29D7176200F5FC39 /* Build configuration list for PBXNativeTarget "Learning5000Words" */ = {
			isa = XCConfigurationList;
			buildConfigurations = (
				FA84158D29D7176200F5FC39 /* Debug */,
				FA84158E29D7176200F5FC39 /* Release */,
			);
			defaultConfigurationIsVisible = 0;
			defaultConfigurationName = Release;
		};
/* End XCConfigurationList section */

/* Begin XCRemoteSwiftPackageReference section */
		FA8A163729DC565F00AEE462 /* XCRemoteSwiftPackageReference "SnapKit" */ = {
			isa = XCRemoteSwiftPackageReference;
			repositoryURL = "https://github.com/SnapKit/SnapKit.git";
			requirement = {
				kind = upToNextMinorVersion;
				minimumVersion = 5.6.0;
			};
		};
/* End XCRemoteSwiftPackageReference section */

/* Begin XCSwiftPackageProductDependency section */
		FA8A163829DC565F00AEE462 /* SnapKit */ = {
			isa = XCSwiftPackageProductDependency;
			package = FA8A163729DC565F00AEE462 /* XCRemoteSwiftPackageReference "SnapKit" */;
			productName = SnapKit;
		};
/* End XCSwiftPackageProductDependency section */
	};
	rootObject = FA84157029D7175F00F5FC39 /* Project object */;
}
